// !$*UTF8*$!
{
	archiveVersion = 1;
	classes = {
	};
	objectVersion = 55;
	objects = {

/* Begin PBXBuildFile section */
		1747D7C32793730400AC8ACE /* AppDelegate.swift in Sources */ = {isa = PBXBuildFile; fileRef = 1747D7C22793730400AC8ACE /* AppDelegate.swift */; };
		1747D7C52793730400AC8ACE /* SceneDelegate.swift in Sources */ = {isa = PBXBuildFile; fileRef = 1747D7C42793730400AC8ACE /* SceneDelegate.swift */; };
		1747D7C72793730400AC8ACE /* ViewController.swift in Sources */ = {isa = PBXBuildFile; fileRef = 1747D7C62793730400AC8ACE /* ViewController.swift */; };
		1747D7CA2793730400AC8ACE /* Main.storyboard in Resources */ = {isa = PBXBuildFile; fileRef = 1747D7C82793730400AC8ACE /* Main.storyboard */; };
		1747D7CC2793730500AC8ACE /* Assets.xcassets in Resources */ = {isa = PBXBuildFile; fileRef = 1747D7CB2793730500AC8ACE /* Assets.xcassets */; };
		1747D7CF2793730500AC8ACE /* LaunchScreen.storyboard in Resources */ = {isa = PBXBuildFile; fileRef = 1747D7CD2793730500AC8ACE /* LaunchScreen.storyboard */; };
		1747D7D8279389C900AC8ACE /* cellCategories.swift in Sources */ = {isa = PBXBuildFile; fileRef = 1747D7D7279389C900AC8ACE /* cellCategories.swift */; };
		1747D7DF2798957C00AC8ACE /* Comprimento.swift in Sources */ = {isa = PBXBuildFile; fileRef = 1747D7DE2798957C00AC8ACE /* Comprimento.swift */; };
		1747D7E2279895C900AC8ACE /* ComprimentoProtocol.swift in Sources */ = {isa = PBXBuildFile; fileRef = 1747D7E1279895C900AC8ACE /* ComprimentoProtocol.swift */; };
		1747D7E5279895FB00AC8ACE /* ComprimentoViewModel.swift in Sources */ = {isa = PBXBuildFile; fileRef = 1747D7E4279895FB00AC8ACE /* ComprimentoViewModel.swift */; };
		1747D7E82798963200AC8ACE /* UnidadeMedida.swift in Sources */ = {isa = PBXBuildFile; fileRef = 1747D7E72798963200AC8ACE /* UnidadeMedida.swift */; };
		1747D7EB2799C0F500AC8ACE /* BaseInicialDelegate.swift in Sources */ = {isa = PBXBuildFile; fileRef = 1747D7EA2799C0F500AC8ACE /* BaseInicialDelegate.swift */; };
		1747D7EE2799C4A900AC8ACE /* BaseInicialDataSource.swift in Sources */ = {isa = PBXBuildFile; fileRef = 1747D7ED2799C4A900AC8ACE /* BaseInicialDataSource.swift */; };
/* End PBXBuildFile section */

/* Begin PBXFileReference section */
		1747D7BF2793730400AC8ACE /* Convy.app */ = {isa = PBXFileReference; explicitFileType = wrapper.application; includeInIndex = 0; path = Convy.app; sourceTree = BUILT_PRODUCTS_DIR; };
		1747D7C22793730400AC8ACE /* AppDelegate.swift */ = {isa = PBXFileReference; lastKnownFileType = sourcecode.swift; path = AppDelegate.swift; sourceTree = "<group>"; };
		1747D7C42793730400AC8ACE /* SceneDelegate.swift */ = {isa = PBXFileReference; lastKnownFileType = sourcecode.swift; path = SceneDelegate.swift; sourceTree = "<group>"; };
		1747D7C62793730400AC8ACE /* ViewController.swift */ = {isa = PBXFileReference; lastKnownFileType = sourcecode.swift; path = ViewController.swift; sourceTree = "<group>"; };
		1747D7C92793730400AC8ACE /* Base */ = {isa = PBXFileReference; lastKnownFileType = file.storyboard; name = Base; path = Base.lproj/Main.storyboard; sourceTree = "<group>"; };
		1747D7CB2793730500AC8ACE /* Assets.xcassets */ = {isa = PBXFileReference; lastKnownFileType = folder.assetcatalog; path = Assets.xcassets; sourceTree = "<group>"; };
		1747D7CE2793730500AC8ACE /* Base */ = {isa = PBXFileReference; lastKnownFileType = file.storyboard; name = Base; path = Base.lproj/LaunchScreen.storyboard; sourceTree = "<group>"; };
		1747D7D02793730500AC8ACE /* Info.plist */ = {isa = PBXFileReference; lastKnownFileType = text.plist.xml; path = Info.plist; sourceTree = "<group>"; };
		1747D7D7279389C900AC8ACE /* cellCategories.swift */ = {isa = PBXFileReference; lastKnownFileType = sourcecode.swift; path = cellCategories.swift; sourceTree = "<group>"; };
		1747D7DE2798957C00AC8ACE /* Comprimento.swift */ = {isa = PBXFileReference; lastKnownFileType = sourcecode.swift; path = Comprimento.swift; sourceTree = "<group>"; };
		1747D7E1279895C900AC8ACE /* ComprimentoProtocol.swift */ = {isa = PBXFileReference; lastKnownFileType = sourcecode.swift; path = ComprimentoProtocol.swift; sourceTree = "<group>"; };
		1747D7E4279895FB00AC8ACE /* ComprimentoViewModel.swift */ = {isa = PBXFileReference; lastKnownFileType = sourcecode.swift; path = ComprimentoViewModel.swift; sourceTree = "<group>"; };
		1747D7E72798963200AC8ACE /* UnidadeMedida.swift */ = {isa = PBXFileReference; lastKnownFileType = sourcecode.swift; path = UnidadeMedida.swift; sourceTree = "<group>"; };
		1747D7EA2799C0F500AC8ACE /* BaseInicialDelegate.swift */ = {isa = PBXFileReference; lastKnownFileType = sourcecode.swift; path = BaseInicialDelegate.swift; sourceTree = "<group>"; };
		1747D7ED2799C4A900AC8ACE /* BaseInicialDataSource.swift */ = {isa = PBXFileReference; lastKnownFileType = sourcecode.swift; path = BaseInicialDataSource.swift; sourceTree = "<group>"; };
/* End PBXFileReference section */

/* Begin PBXFrameworksBuildPhase section */
		1747D7BC2793730400AC8ACE /* Frameworks */ = {
			isa = PBXFrameworksBuildPhase;
			buildActionMask = 2147483647;
			files = (
			);
			runOnlyForDeploymentPostprocessing = 0;
		};
/* End PBXFrameworksBuildPhase section */

/* Begin PBXGroup section */
		1747D7B62793730400AC8ACE = {
			isa = PBXGroup;
			children = (
				1747D7E92799C0DA00AC8ACE /* PickerView */,
				1747D7E62798961900AC8ACE /* Struct */,
				1747D7E3279895E300AC8ACE /* ViewModel */,
				1747D7E0279895B600AC8ACE /* Protocols */,
				1747D7DD2798954B00AC8ACE /* Enum */,
				1747D7D6279389B600AC8ACE /* Styles */,
				1747D7C12793730400AC8ACE /* Convy */,
				1747D7C02793730400AC8ACE /* Products */,
			);
			sourceTree = "<group>";
		};
		1747D7C02793730400AC8ACE /* Products */ = {
			isa = PBXGroup;
			children = (
				1747D7BF2793730400AC8ACE /* Convy.app */,
			);
			name = Products;
			sourceTree = "<group>";
		};
		1747D7C12793730400AC8ACE /* Convy */ = {
			isa = PBXGroup;
			children = (
				1747D7C22793730400AC8ACE /* AppDelegate.swift */,
				1747D7C42793730400AC8ACE /* SceneDelegate.swift */,
				1747D7C62793730400AC8ACE /* ViewController.swift */,
				1747D7C82793730400AC8ACE /* Main.storyboard */,
				1747D7CB2793730500AC8ACE /* Assets.xcassets */,
				1747D7CD2793730500AC8ACE /* LaunchScreen.storyboard */,
				1747D7D02793730500AC8ACE /* Info.plist */,
			);
			path = Convy;
			sourceTree = "<group>";
		};
		1747D7D6279389B600AC8ACE /* Styles */ = {
			isa = PBXGroup;
			children = (
				1747D7D7279389C900AC8ACE /* cellCategories.swift */,
			);
			path = Styles;
			sourceTree = "<group>";
		};
		1747D7DD2798954B00AC8ACE /* Enum */ = {
			isa = PBXGroup;
			children = (
				1747D7DE2798957C00AC8ACE /* Comprimento.swift */,
			);
			path = Enum;
			sourceTree = "<group>";
		};
		1747D7E0279895B600AC8ACE /* Protocols */ = {
			isa = PBXGroup;
			children = (
				1747D7E1279895C900AC8ACE /* ComprimentoProtocol.swift */,
			);
			path = Protocols;
			sourceTree = "<group>";
		};
		1747D7E3279895E300AC8ACE /* ViewModel */ = {
			isa = PBXGroup;
			children = (
				1747D7E4279895FB00AC8ACE /* ComprimentoViewModel.swift */,
			);
			path = ViewModel;
			sourceTree = "<group>";
		};
		1747D7E62798961900AC8ACE /* Struct */ = {
			isa = PBXGroup;
			children = (
				1747D7E72798963200AC8ACE /* UnidadeMedida.swift */,
			);
			path = Struct;
			sourceTree = "<group>";
		};
		1747D7E92799C0DA00AC8ACE /* PickerView */ = {
			isa = PBXGroup;
			children = (
				1747D7EC2799C48800AC8ACE /* Base inicial */,
			);
			path = PickerView;
			sourceTree = "<group>";
		};
		1747D7EC2799C48800AC8ACE /* Base inicial */ = {
			isa = PBXGroup;
			children = (
				1747D7EA2799C0F500AC8ACE /* BaseInicialDelegate.swift */,
				1747D7ED2799C4A900AC8ACE /* BaseInicialDataSource.swift */,
			);
			path = "Base inicial";
			sourceTree = "<group>";
		};
/* End PBXGroup section */

/* Begin PBXNativeTarget section */
		1747D7BE2793730400AC8ACE /* Convy */ = {
			isa = PBXNativeTarget;
			buildConfigurationList = 1747D7D32793730500AC8ACE /* Build configuration list for PBXNativeTarget "Convy" */;
			buildPhases = (
				1747D7BB2793730400AC8ACE /* Sources */,
				1747D7BC2793730400AC8ACE /* Frameworks */,
				1747D7BD2793730400AC8ACE /* Resources */,
			);
			buildRules = (
			);
			dependencies = (
			);
			name = Convy;
			productName = Convy;
			productReference = 1747D7BF2793730400AC8ACE /* Convy.app */;
			productType = "com.apple.product-type.application";
		};
/* End PBXNativeTarget section */

/* Begin PBXProject section */
		1747D7B72793730400AC8ACE /* Project object */ = {
			isa = PBXProject;
			attributes = {
				BuildIndependentTargetsInParallel = 1;
				LastSwiftUpdateCheck = 1300;
				LastUpgradeCheck = 1300;
				TargetAttributes = {
					1747D7BE2793730400AC8ACE = {
						CreatedOnToolsVersion = 13.0;
					};
				};
			};
			buildConfigurationList = 1747D7BA2793730400AC8ACE /* Build configuration list for PBXProject "Convy" */;
			compatibilityVersion = "Xcode 13.0";
			developmentRegion = en;
			hasScannedForEncodings = 0;
			knownRegions = (
				en,
				Base,
			);
			mainGroup = 1747D7B62793730400AC8ACE;
			productRefGroup = 1747D7C02793730400AC8ACE /* Products */;
			projectDirPath = "";
			projectRoot = "";
			targets = (
				1747D7BE2793730400AC8ACE /* Convy */,
			);
		};
/* End PBXProject section */

/* Begin PBXResourcesBuildPhase section */
		1747D7BD2793730400AC8ACE /* Resources */ = {
			isa = PBXResourcesBuildPhase;
			buildActionMask = 2147483647;
			files = (
				1747D7CF2793730500AC8ACE /* LaunchScreen.storyboard in Resources */,
				1747D7CC2793730500AC8ACE /* Assets.xcassets in Resources */,
				1747D7CA2793730400AC8ACE /* Main.storyboard in Resources */,
			);
			runOnlyForDeploymentPostprocessing = 0;
		};
/* End PBXResourcesBuildPhase section */

/* Begin PBXSourcesBuildPhase section */
		1747D7BB2793730400AC8ACE /* Sources */ = {
			isa = PBXSourcesBuildPhase;
			buildActionMask = 2147483647;
			files = (
				1747D7E5279895FB00AC8ACE /* ComprimentoViewModel.swift in Sources */,
				1747D7DF2798957C00AC8ACE /* Comprimento.swift in Sources */,
				1747D7C72793730400AC8ACE /* ViewController.swift in Sources */,
				1747D7EE2799C4A900AC8ACE /* BaseInicialDataSource.swift in Sources */,
				1747D7D8279389C900AC8ACE /* cellCategories.swift in Sources */,
				1747D7E2279895C900AC8ACE /* ComprimentoProtocol.swift in Sources */,
				1747D7C32793730400AC8ACE /* AppDelegate.swift in Sources */,
				1747D7EB2799C0F500AC8ACE /* BaseInicialDelegate.swift in Sources */,
				1747D7C52793730400AC8ACE /* SceneDelegate.swift in Sources */,
				1747D7E82798963200AC8ACE /* UnidadeMedida.swift in Sources */,
			);
			runOnlyForDeploymentPostprocessing = 0;
		};
/* End PBXSourcesBuildPhase section */

/* Begin PBXVariantGroup section */
		1747D7C82793730400AC8ACE /* Main.storyboard */ = {
			isa = PBXVariantGroup;
			children = (
				1747D7C92793730400AC8ACE /* Base */,
			);
			name = Main.storyboard;
			sourceTree = "<group>";
		};
		1747D7CD2793730500AC8ACE /* LaunchScreen.storyboard */ = {
			isa = PBXVariantGroup;
			children = (
				1747D7CE2793730500AC8ACE /* Base */,
			);
			name = LaunchScreen.storyboard;
			sourceTree = "<group>";
		};
/* End PBXVariantGroup section */

/* Begin XCBuildConfiguration section */
		1747D7D12793730500AC8ACE /* Debug */ = {
			isa = XCBuildConfiguration;
			buildSettings = {
				ALWAYS_SEARCH_USER_PATHS = NO;
				CLANG_ANALYZER_NONNULL = YES;
				CLANG_ANALYZER_NUMBER_OBJECT_CONVERSION = YES_AGGRESSIVE;
				CLANG_CXX_LANGUAGE_STANDARD = "gnu++17";
				CLANG_CXX_LIBRARY = "libc++";
				CLANG_ENABLE_MODULES = YES;
				CLANG_ENABLE_OBJC_ARC = YES;
				CLANG_ENABLE_OBJC_WEAK = YES;
				CLANG_WARN_BLOCK_CAPTURE_AUTORELEASING = YES;
				CLANG_WARN_BOOL_CONVERSION = YES;
				CLANG_WARN_COMMA = YES;
				CLANG_WARN_CONSTANT_CONVERSION = YES;
				CLANG_WARN_DEPRECATED_OBJC_IMPLEMENTATIONS = YES;
				CLANG_WARN_DIRECT_OBJC_ISA_USAGE = YES_ERROR;
				CLANG_WARN_DOCUMENTATION_COMMENTS = YES;
				CLANG_WARN_EMPTY_BODY = YES;
				CLANG_WARN_ENUM_CONVERSION = YES;
				CLANG_WARN_INFINITE_RECURSION = YES;
				CLANG_WARN_INT_CONVERSION = YES;
				CLANG_WARN_NON_LITERAL_NULL_CONVERSION = YES;
				CLANG_WARN_OBJC_IMPLICIT_RETAIN_SELF = YES;
				CLANG_WARN_OBJC_LITERAL_CONVERSION = YES;
				CLANG_WARN_OBJC_ROOT_CLASS = YES_ERROR;
				CLANG_WARN_QUOTED_INCLUDE_IN_FRAMEWORK_HEADER = YES;
				CLANG_WARN_RANGE_LOOP_ANALYSIS = YES;
				CLANG_WARN_STRICT_PROTOTYPES = YES;
				CLANG_WARN_SUSPICIOUS_MOVE = YES;
				CLANG_WARN_UNGUARDED_AVAILABILITY = YES_AGGRESSIVE;
				CLANG_WARN_UNREACHABLE_CODE = YES;
				CLANG_WARN__DUPLICATE_METHOD_MATCH = YES;
				COPY_PHASE_STRIP = NO;
				DEBUG_INFORMATION_FORMAT = dwarf;
				ENABLE_STRICT_OBJC_MSGSEND = YES;
				ENABLE_TESTABILITY = YES;
				GCC_C_LANGUAGE_STANDARD = gnu11;
				GCC_DYNAMIC_NO_PIC = NO;
				GCC_NO_COMMON_BLOCKS = YES;
				GCC_OPTIMIZATION_LEVEL = 0;
				GCC_PREPROCESSOR_DEFINITIONS = (
					"DEBUG=1",
					"$(inherited)",
				);
				GCC_WARN_64_TO_32_BIT_CONVERSION = YES;
				GCC_WARN_ABOUT_RETURN_TYPE = YES_ERROR;
				GCC_WARN_UNDECLARED_SELECTOR = YES;
				GCC_WARN_UNINITIALIZED_AUTOS = YES_AGGRESSIVE;
				GCC_WARN_UNUSED_FUNCTION = YES;
				GCC_WARN_UNUSED_VARIABLE = YES;
				IPHONEOS_DEPLOYMENT_TARGET = 15.0;
				MTL_ENABLE_DEBUG_INFO = INCLUDE_SOURCE;
				MTL_FAST_MATH = YES;
				ONLY_ACTIVE_ARCH = YES;
				SDKROOT = iphoneos;
				SWIFT_ACTIVE_COMPILATION_CONDITIONS = DEBUG;
				SWIFT_OPTIMIZATION_LEVEL = "-Onone";
			};
			name = Debug;
		};
		1747D7D22793730500AC8ACE /* Release */ = {
			isa = XCBuildConfiguration;
			buildSettings = {
				ALWAYS_SEARCH_USER_PATHS = NO;
				CLANG_ANALYZER_NONNULL = YES;
				CLANG_ANALYZER_NUMBER_OBJECT_CONVERSION = YES_AGGRESSIVE;
				CLANG_CXX_LANGUAGE_STANDARD = "gnu++17";
				CLANG_CXX_LIBRARY = "libc++";
				CLANG_ENABLE_MODULES = YES;
				CLANG_ENABLE_OBJC_ARC = YES;
				CLANG_ENABLE_OBJC_WEAK = YES;
				CLANG_WARN_BLOCK_CAPTURE_AUTORELEASING = YES;
				CLANG_WARN_BOOL_CONVERSION = YES;
				CLANG_WARN_COMMA = YES;
				CLANG_WARN_CONSTANT_CONVERSION = YES;
				CLANG_WARN_DEPRECATED_OBJC_IMPLEMENTATIONS = YES;
				CLANG_WARN_DIRECT_OBJC_ISA_USAGE = YES_ERROR;
				CLANG_WARN_DOCUMENTATION_COMMENTS = YES;
				CLANG_WARN_EMPTY_BODY = YES;
				CLANG_WARN_ENUM_CONVERSION = YES;
				CLANG_WARN_INFINITE_RECURSION = YES;
				CLANG_WARN_INT_CONVERSION = YES;
				CLANG_WARN_NON_LITERAL_NULL_CONVERSION = YES;
				CLANG_WARN_OBJC_IMPLICIT_RETAIN_SELF = YES;
				CLANG_WARN_OBJC_LITERAL_CONVERSION = YES;
				CLANG_WARN_OBJC_ROOT_CLASS = YES_ERROR;
				CLANG_WARN_QUOTED_INCLUDE_IN_FRAMEWORK_HEADER = YES;
				CLANG_WARN_RANGE_LOOP_ANALYSIS = YES;
				CLANG_WARN_STRICT_PROTOTYPES = YES;
				CLANG_WARN_SUSPICIOUS_MOVE = YES;
				CLANG_WARN_UNGUARDED_AVAILABILITY = YES_AGGRESSIVE;
				CLANG_WARN_UNREACHABLE_CODE = YES;
				CLANG_WARN__DUPLICATE_METHOD_MATCH = YES;
				COPY_PHASE_STRIP = NO;
				DEBUG_INFORMATION_FORMAT = "dwarf-with-dsym";
				ENABLE_NS_ASSERTIONS = NO;
				ENABLE_STRICT_OBJC_MSGSEND = YES;
				GCC_C_LANGUAGE_STANDARD = gnu11;
				GCC_NO_COMMON_BLOCKS = YES;
				GCC_WARN_64_TO_32_BIT_CONVERSION = YES;
				GCC_WARN_ABOUT_RETURN_TYPE = YES_ERROR;
				GCC_WARN_UNDECLARED_SELECTOR = YES;
				GCC_WARN_UNINITIALIZED_AUTOS = YES_AGGRESSIVE;
				GCC_WARN_UNUSED_FUNCTION = YES;
				GCC_WARN_UNUSED_VARIABLE = YES;
				IPHONEOS_DEPLOYMENT_TARGET = 15.0;
				MTL_ENABLE_DEBUG_INFO = NO;
				MTL_FAST_MATH = YES;
				SDKROOT = iphoneos;
				SWIFT_COMPILATION_MODE = wholemodule;
				SWIFT_OPTIMIZATION_LEVEL = "-O";
				VALIDATE_PRODUCT = YES;
			};
			name = Release;
		};
		1747D7D42793730500AC8ACE /* Debug */ = {
			isa = XCBuildConfiguration;
			buildSettings = {
				ASSETCATALOG_COMPILER_APPICON_NAME = AppIcon;
				ASSETCATALOG_COMPILER_GLOBAL_ACCENT_COLOR_NAME = AccentColor;
				CODE_SIGN_STYLE = Automatic;
				CURRENT_PROJECT_VERSION = 1;
				DEVELOPMENT_TEAM = HPQ38SJ3W9;
				GENERATE_INFOPLIST_FILE = YES;
				INFOPLIST_FILE = Convy/Info.plist;
				INFOPLIST_KEY_UIApplicationSupportsIndirectInputEvents = YES;
				INFOPLIST_KEY_UILaunchStoryboardName = LaunchScreen;
				INFOPLIST_KEY_UIMainStoryboardFile = Main;
				INFOPLIST_KEY_UISupportedInterfaceOrientations_iPad = "UIInterfaceOrientationPortrait UIInterfaceOrientationPortraitUpsideDown UIInterfaceOrientationLandscapeLeft UIInterfaceOrientationLandscapeRight";
				INFOPLIST_KEY_UISupportedInterfaceOrientations_iPhone = "UIInterfaceOrientationPortrait UIInterfaceOrientationLandscapeLeft UIInterfaceOrientationLandscapeRight";
				LD_RUNPATH_SEARCH_PATHS = (
					"$(inherited)",
					"@executable_path/Frameworks",
				);
				MARKETING_VERSION = 1.0;
				PRODUCT_BUNDLE_IDENTIFIER = br.dev.ortiz.Convy;
				PRODUCT_NAME = "$(TARGET_NAME)";
				SWIFT_EMIT_LOC_STRINGS = YES;
				SWIFT_VERSION = 5.0;
				TARGETED_DEVICE_FAMILY = 1;
			};
			name = Debug;
		};
		1747D7D52793730500AC8ACE /* Release */ = {
			isa = XCBuildConfiguration;
			buildSettings = {
				ASSETCATALOG_COMPILER_APPICON_NAME = AppIcon;
				ASSETCATALOG_COMPILER_GLOBAL_ACCENT_COLOR_NAME = AccentColor;
				CODE_SIGN_STYLE = Automatic;
				CURRENT_PROJECT_VERSION = 1;
				DEVELOPMENT_TEAM = HPQ38SJ3W9;
				GENERATE_INFOPLIST_FILE = YES;
				INFOPLIST_FILE = Convy/Info.plist;
				INFOPLIST_KEY_UIApplicationSupportsIndirectInputEvents = YES;
				INFOPLIST_KEY_UILaunchStoryboardName = LaunchScreen;
				INFOPLIST_KEY_UIMainStoryboardFile = Main;
				INFOPLIST_KEY_UISupportedInterfaceOrientations_iPad = "UIInterfaceOrientationPortrait UIInterfaceOrientationPortraitUpsideDown UIInterfaceOrientationLandscapeLeft UIInterfaceOrientationLandscapeRight";
				INFOPLIST_KEY_UISupportedInterfaceOrientations_iPhone = "UIInterfaceOrientationPortrait UIInterfaceOrientationLandscapeLeft UIInterfaceOrientationLandscapeRight";
				LD_RUNPATH_SEARCH_PATHS = (
					"$(inherited)",
					"@executable_path/Frameworks",
				);
				MARKETING_VERSION = 1.0;
				PRODUCT_BUNDLE_IDENTIFIER = br.dev.ortiz.Convy;
				PRODUCT_NAME = "$(TARGET_NAME)";
				SWIFT_EMIT_LOC_STRINGS = YES;
				SWIFT_VERSION = 5.0;
				TARGETED_DEVICE_FAMILY = 1;
			};
			name = Release;
		};
/* End XCBuildConfiguration section */

/* Begin XCConfigurationList section */
		1747D7BA2793730400AC8ACE /* Build configuration list for PBXProject "Convy" */ = {
			isa = XCConfigurationList;
			buildConfigurations = (
				1747D7D12793730500AC8ACE /* Debug */,
				1747D7D22793730500AC8ACE /* Release */,
			);
			defaultConfigurationIsVisible = 0;
			defaultConfigurationName = Release;
		};
		1747D7D32793730500AC8ACE /* Build configuration list for PBXNativeTarget "Convy" */ = {
			isa = XCConfigurationList;
			buildConfigurations = (
				1747D7D42793730500AC8ACE /* Debug */,
				1747D7D52793730500AC8ACE /* Release */,
			);
			defaultConfigurationIsVisible = 0;
			defaultConfigurationName = Release;
		};
/* End XCConfigurationList section */
	};
	rootObject = 1747D7B72793730400AC8ACE /* Project object */;
}
